// !$*UTF8*$!
{
	archiveVersion = 1;
	classes = {
	};
	objectVersion = 55;
	objects = {

/* Begin PBXBuildFile section */
		5E43E4C5C4AFC714D74711BA /* Pods_TwitterClone.framework in Frameworks */ = {isa = PBXBuildFile; fileRef = 9E765A7494284F3041FB8150 /* Pods_TwitterClone.framework */; };
		B7355F28286E785B00259043 /* GoogleService-Info.plist in Resources */ = {isa = PBXBuildFile; fileRef = B7355F27286E785B00259043 /* GoogleService-Info.plist */; };
		B7355F2A286E7AFD00259043 /* ErrorHandler.swift in Sources */ = {isa = PBXBuildFile; fileRef = B7355F29286E7AFC00259043 /* ErrorHandler.swift */; };
		B73BC9E52851743800BE5BF0 /* LoginController.swift in Sources */ = {isa = PBXBuildFile; fileRef = B73BC9E42851743800BE5BF0 /* LoginController.swift */; };
		B73BC9E9285174DA00BE5BF0 /* RegistrationController.swift in Sources */ = {isa = PBXBuildFile; fileRef = B73BC9E8285174DA00BE5BF0 /* RegistrationController.swift */; };
		B73BC9EB28517DA200BE5BF0 /* Utilities.swift in Sources */ = {isa = PBXBuildFile; fileRef = B73BC9EA28517DA200BE5BF0 /* Utilities.swift */; };
		B7A6B2B1283458E100FEB658 /* AppDelegate.swift in Sources */ = {isa = PBXBuildFile; fileRef = B7A6B2B0283458E100FEB658 /* AppDelegate.swift */; };
		B7A6B2B3283458E100FEB658 /* SceneDelegate.swift in Sources */ = {isa = PBXBuildFile; fileRef = B7A6B2B2283458E100FEB658 /* SceneDelegate.swift */; };
		B7A6B2B8283458E100FEB658 /* Main.storyboard in Resources */ = {isa = PBXBuildFile; fileRef = B7A6B2B6283458E100FEB658 /* Main.storyboard */; };
		B7A6B2BA283458E200FEB658 /* Assets.xcassets in Resources */ = {isa = PBXBuildFile; fileRef = B7A6B2B9283458E200FEB658 /* Assets.xcassets */; };
		B7A6B2BD283458E200FEB658 /* LaunchScreen.storyboard in Resources */ = {isa = PBXBuildFile; fileRef = B7A6B2BB283458E200FEB658 /* LaunchScreen.storyboard */; };
		B7A6B2CB28345A0D00FEB658 /* MainTabController.swift in Sources */ = {isa = PBXBuildFile; fileRef = B7A6B2CA28345A0D00FEB658 /* MainTabController.swift */; };
		B7A6B2CE28346BE700FEB658 /* FeedController.swift in Sources */ = {isa = PBXBuildFile; fileRef = B7A6B2CD28346BE700FEB658 /* FeedController.swift */; };
		B7A6B2D028346C0000FEB658 /* NotificationsController.swift in Sources */ = {isa = PBXBuildFile; fileRef = B7A6B2CF28346C0000FEB658 /* NotificationsController.swift */; };
		B7A6B2D228346C0E00FEB658 /* ExploreController.swift in Sources */ = {isa = PBXBuildFile; fileRef = B7A6B2D128346C0E00FEB658 /* ExploreController.swift */; };
		B7A6B2D428346C2000FEB658 /* ConversationsController.swift in Sources */ = {isa = PBXBuildFile; fileRef = B7A6B2D328346C2000FEB658 /* ConversationsController.swift */; };
		B7F99FC228888AC0001B43FB /* FirebaseConstants.swift in Sources */ = {isa = PBXBuildFile; fileRef = B7F99FC128888AC0001B43FB /* FirebaseConstants.swift */; };
/* End PBXBuildFile section */

/* Begin PBXFileReference section */
		4FF1BFDD35E8C004EA79BE8B /* Pods-TwitterClone.release.xcconfig */ = {isa = PBXFileReference; includeInIndex = 1; lastKnownFileType = text.xcconfig; name = "Pods-TwitterClone.release.xcconfig"; path = "Target Support Files/Pods-TwitterClone/Pods-TwitterClone.release.xcconfig"; sourceTree = "<group>"; };
		9E765A7494284F3041FB8150 /* Pods_TwitterClone.framework */ = {isa = PBXFileReference; explicitFileType = wrapper.framework; includeInIndex = 0; path = Pods_TwitterClone.framework; sourceTree = BUILT_PRODUCTS_DIR; };
		A25390A95F0E2ABF0635B925 /* Pods-TwitterClone.debug.xcconfig */ = {isa = PBXFileReference; includeInIndex = 1; lastKnownFileType = text.xcconfig; name = "Pods-TwitterClone.debug.xcconfig"; path = "Target Support Files/Pods-TwitterClone/Pods-TwitterClone.debug.xcconfig"; sourceTree = "<group>"; };
		B7355F27286E785B00259043 /* GoogleService-Info.plist */ = {isa = PBXFileReference; lastKnownFileType = text.plist; path = "GoogleService-Info.plist"; sourceTree = SOURCE_ROOT; };
		B7355F29286E7AFC00259043 /* ErrorHandler.swift */ = {isa = PBXFileReference; lastKnownFileType = sourcecode.swift; path = ErrorHandler.swift; sourceTree = "<group>"; };
		B73BC9E42851743800BE5BF0 /* LoginController.swift */ = {isa = PBXFileReference; lastKnownFileType = sourcecode.swift; path = LoginController.swift; sourceTree = "<group>"; };
		B73BC9E8285174DA00BE5BF0 /* RegistrationController.swift */ = {isa = PBXFileReference; lastKnownFileType = sourcecode.swift; path = RegistrationController.swift; sourceTree = "<group>"; };
		B73BC9EA28517DA200BE5BF0 /* Utilities.swift */ = {isa = PBXFileReference; lastKnownFileType = sourcecode.swift; path = Utilities.swift; sourceTree = "<group>"; };
		B7A6B2AD283458E100FEB658 /* TwitterClone.app */ = {isa = PBXFileReference; explicitFileType = wrapper.application; includeInIndex = 0; path = TwitterClone.app; sourceTree = BUILT_PRODUCTS_DIR; };
		B7A6B2B0283458E100FEB658 /* AppDelegate.swift */ = {isa = PBXFileReference; lastKnownFileType = sourcecode.swift; path = AppDelegate.swift; sourceTree = "<group>"; };
		B7A6B2B2283458E100FEB658 /* SceneDelegate.swift */ = {isa = PBXFileReference; lastKnownFileType = sourcecode.swift; path = SceneDelegate.swift; sourceTree = "<group>"; };
		B7A6B2B7283458E100FEB658 /* Base */ = {isa = PBXFileReference; lastKnownFileType = file.storyboard; name = Base; path = Base.lproj/Main.storyboard; sourceTree = "<group>"; };
		B7A6B2B9283458E200FEB658 /* Assets.xcassets */ = {isa = PBXFileReference; lastKnownFileType = folder.assetcatalog; path = Assets.xcassets; sourceTree = "<group>"; };
		B7A6B2BC283458E200FEB658 /* Base */ = {isa = PBXFileReference; lastKnownFileType = file.storyboard; name = Base; path = Base.lproj/LaunchScreen.storyboard; sourceTree = "<group>"; };
		B7A6B2BE283458E200FEB658 /* Info.plist */ = {isa = PBXFileReference; lastKnownFileType = text.plist.xml; path = Info.plist; sourceTree = "<group>"; };
		B7A6B2CA28345A0D00FEB658 /* MainTabController.swift */ = {isa = PBXFileReference; lastKnownFileType = sourcecode.swift; path = MainTabController.swift; sourceTree = "<group>"; };
		B7A6B2CD28346BE700FEB658 /* FeedController.swift */ = {isa = PBXFileReference; lastKnownFileType = sourcecode.swift; path = FeedController.swift; sourceTree = "<group>"; };
		B7A6B2CF28346C0000FEB658 /* NotificationsController.swift */ = {isa = PBXFileReference; lastKnownFileType = sourcecode.swift; path = NotificationsController.swift; sourceTree = "<group>"; };
		B7A6B2D128346C0E00FEB658 /* ExploreController.swift */ = {isa = PBXFileReference; lastKnownFileType = sourcecode.swift; path = ExploreController.swift; sourceTree = "<group>"; };
		B7A6B2D328346C2000FEB658 /* ConversationsController.swift */ = {isa = PBXFileReference; lastKnownFileType = sourcecode.swift; path = ConversationsController.swift; sourceTree = "<group>"; };
		B7F99FC128888AC0001B43FB /* FirebaseConstants.swift */ = {isa = PBXFileReference; lastKnownFileType = sourcecode.swift; path = FirebaseConstants.swift; sourceTree = "<group>"; };
/* End PBXFileReference section */

/* Begin PBXFrameworksBuildPhase section */
		B7A6B2AA283458E100FEB658 /* Frameworks */ = {
			isa = PBXFrameworksBuildPhase;
			buildActionMask = 2147483647;
			files = (
				5E43E4C5C4AFC714D74711BA /* Pods_TwitterClone.framework in Frameworks */,
			);
			runOnlyForDeploymentPostprocessing = 0;
		};
/* End PBXFrameworksBuildPhase section */

/* Begin PBXGroup section */
		3D59654D43323D275C2A0081 /* Pods */ = {
			isa = PBXGroup;
			children = (
				A25390A95F0E2ABF0635B925 /* Pods-TwitterClone.debug.xcconfig */,
				4FF1BFDD35E8C004EA79BE8B /* Pods-TwitterClone.release.xcconfig */,
			);
			path = Pods;
			sourceTree = "<group>";
		};
		B73BC9E32851742500BE5BF0 /* Authentication */ = {
			isa = PBXGroup;
			children = (
				B73BC9E42851743800BE5BF0 /* LoginController.swift */,
				B73BC9E8285174DA00BE5BF0 /* RegistrationController.swift */,
			);
			path = Authentication;
			sourceTree = "<group>";
		};
		B7A6B2A4283458E100FEB658 = {
			isa = PBXGroup;
			children = (
				B7A6B2AF283458E100FEB658 /* TwitterClone */,
				B7A6B2AE283458E100FEB658 /* Products */,
				3D59654D43323D275C2A0081 /* Pods */,
				E3A9C174782E1E3B49BDF157 /* Frameworks */,
			);
			sourceTree = "<group>";
		};
		B7A6B2AE283458E100FEB658 /* Products */ = {
			isa = PBXGroup;
			children = (
				B7A6B2AD283458E100FEB658 /* TwitterClone.app */,
			);
			name = Products;
			sourceTree = "<group>";
		};
		B7A6B2AF283458E100FEB658 /* TwitterClone */ = {
			isa = PBXGroup;
			children = (
				B7A6B2CC28345A1400FEB658 /* Controller */,
				B7A6B2C9283459CC00FEB658 /* API */,
				B7A6B2C8283459C800FEB658 /* Utils */,
				B7A6B2C7283459BE00FEB658 /* Model */,
				B7A6B2C5283459A300FEB658 /* ViewModel */,
				B7A6B2C42834599300FEB658 /* View */,
				B7A6B2B0283458E100FEB658 /* AppDelegate.swift */,
				B7A6B2B2283458E100FEB658 /* SceneDelegate.swift */,
				B7A6B2B6283458E100FEB658 /* Main.storyboard */,
				B7A6B2B9283458E200FEB658 /* Assets.xcassets */,
				B7A6B2BB283458E200FEB658 /* LaunchScreen.storyboard */,
				B7A6B2BE283458E200FEB658 /* Info.plist */,
				B7355F27286E785B00259043 /* GoogleService-Info.plist */,
			);
			path = TwitterClone;
			sourceTree = "<group>";
		};
		B7A6B2C42834599300FEB658 /* View */ = {
			isa = PBXGroup;
			children = (
			);
			path = View;
			sourceTree = "<group>";
		};
		B7A6B2C5283459A300FEB658 /* ViewModel */ = {
			isa = PBXGroup;
			children = (
			);
			path = ViewModel;
			sourceTree = "<group>";
		};
		B7A6B2C7283459BE00FEB658 /* Model */ = {
			isa = PBXGroup;
			children = (
			);
			path = Model;
			sourceTree = "<group>";
		};
		B7A6B2C8283459C800FEB658 /* Utils */ = {
			isa = PBXGroup;
			children = (
				B73BC9EA28517DA200BE5BF0 /* Utilities.swift */,
				B7355F29286E7AFC00259043 /* ErrorHandler.swift */,
				B7F99FC128888AC0001B43FB /* FirebaseConstants.swift */,
			);
			path = Utils;
			sourceTree = "<group>";
		};
		B7A6B2C9283459CC00FEB658 /* API */ = {
			isa = PBXGroup;
			children = (
			);
			path = API;
			sourceTree = "<group>";
		};
		B7A6B2CC28345A1400FEB658 /* Controller */ = {
			isa = PBXGroup;
			children = (
				B73BC9E32851742500BE5BF0 /* Authentication */,
				B7A6B2CA28345A0D00FEB658 /* MainTabController.swift */,
				B7A6B2CD28346BE700FEB658 /* FeedController.swift */,
				B7A6B2CF28346C0000FEB658 /* NotificationsController.swift */,
				B7A6B2D128346C0E00FEB658 /* ExploreController.swift */,
				B7A6B2D328346C2000FEB658 /* ConversationsController.swift */,
			);
			path = Controller;
			sourceTree = "<group>";
		};
		E3A9C174782E1E3B49BDF157 /* Frameworks */ = {
			isa = PBXGroup;
			children = (
				9E765A7494284F3041FB8150 /* Pods_TwitterClone.framework */,
			);
			name = Frameworks;
			sourceTree = "<group>";
		};
/* End PBXGroup section */

/* Begin PBXNativeTarget section */
		B7A6B2AC283458E100FEB658 /* TwitterClone */ = {
			isa = PBXNativeTarget;
			buildConfigurationList = B7A6B2C1283458E200FEB658 /* Build configuration list for PBXNativeTarget "TwitterClone" */;
			buildPhases = (
				5C53280940E604864760B980 /* [CP] Check Pods Manifest.lock */,
				B7A6B2A9283458E100FEB658 /* Sources */,
				B7A6B2AA283458E100FEB658 /* Frameworks */,
				B7A6B2AB283458E100FEB658 /* Resources */,
				DEDC5A12E677B185C379154C /* [CP] Embed Pods Frameworks */,
			);
			buildRules = (
			);
			dependencies = (
			);
			name = TwitterClone;
			productName = TwitterClone;
			productReference = B7A6B2AD283458E100FEB658 /* TwitterClone.app */;
			productType = "com.apple.product-type.application";
		};
/* End PBXNativeTarget section */

/* Begin PBXProject section */
		B7A6B2A5283458E100FEB658 /* Project object */ = {
			isa = PBXProject;
			attributes = {
				BuildIndependentTargetsInParallel = 1;
				LastSwiftUpdateCheck = 1320;
				LastUpgradeCheck = 1320;
				TargetAttributes = {
					B7A6B2AC283458E100FEB658 = {
						CreatedOnToolsVersion = 13.2.1;
					};
				};
			};
			buildConfigurationList = B7A6B2A8283458E100FEB658 /* Build configuration list for PBXProject "TwitterClone" */;
			compatibilityVersion = "Xcode 13.0";
			developmentRegion = en;
			hasScannedForEncodings = 0;
			knownRegions = (
				en,
				Base,
			);
			mainGroup = B7A6B2A4283458E100FEB658;
			productRefGroup = B7A6B2AE283458E100FEB658 /* Products */;
			projectDirPath = "";
			projectRoot = "";
			targets = (
				B7A6B2AC283458E100FEB658 /* TwitterClone */,
			);
		};
/* End PBXProject section */

/* Begin PBXResourcesBuildPhase section */
		B7A6B2AB283458E100FEB658 /* Resources */ = {
			isa = PBXResourcesBuildPhase;
			buildActionMask = 2147483647;
			files = (
				B7A6B2BD283458E200FEB658 /* LaunchScreen.storyboard in Resources */,
				B7355F28286E785B00259043 /* GoogleService-Info.plist in Resources */,
				B7A6B2BA283458E200FEB658 /* Assets.xcassets in Resources */,
				B7A6B2B8283458E100FEB658 /* Main.storyboard in Resources */,
			);
			runOnlyForDeploymentPostprocessing = 0;
		};
/* End PBXResourcesBuildPhase section */

/* Begin PBXShellScriptBuildPhase section */
		5C53280940E604864760B980 /* [CP] Check Pods Manifest.lock */ = {
			isa = PBXShellScriptBuildPhase;
			buildActionMask = 2147483647;
			files = (
			);
			inputFileListPaths = (
			);
			inputPaths = (
				"${PODS_PODFILE_DIR_PATH}/Podfile.lock",
				"${PODS_ROOT}/Manifest.lock",
			);
			name = "[CP] Check Pods Manifest.lock";
			outputFileListPaths = (
			);
			outputPaths = (
				"$(DERIVED_FILE_DIR)/Pods-TwitterClone-checkManifestLockResult.txt",
			);
			runOnlyForDeploymentPostprocessing = 0;
			shellPath = /bin/sh;
			shellScript = "diff \"${PODS_PODFILE_DIR_PATH}/Podfile.lock\" \"${PODS_ROOT}/Manifest.lock\" > /dev/null\nif [ $? != 0 ] ; then\n    # print error to STDERR\n    echo \"error: The sandbox is not in sync with the Podfile.lock. Run 'pod install' or update your CocoaPods installation.\" >&2\n    exit 1\nfi\n# This output is used by Xcode 'outputs' to avoid re-running this script phase.\necho \"SUCCESS\" > \"${SCRIPT_OUTPUT_FILE_0}\"\n";
			showEnvVarsInLog = 0;
		};
		DEDC5A12E677B185C379154C /* [CP] Embed Pods Frameworks */ = {
			isa = PBXShellScriptBuildPhase;
			buildActionMask = 2147483647;
			files = (
			);
			inputFileListPaths = (
				"${PODS_ROOT}/Target Support Files/Pods-TwitterClone/Pods-TwitterClone-frameworks-${CONFIGURATION}-input-files.xcfilelist",
			);
			name = "[CP] Embed Pods Frameworks";
			outputFileListPaths = (
				"${PODS_ROOT}/Target Support Files/Pods-TwitterClone/Pods-TwitterClone-frameworks-${CONFIGURATION}-output-files.xcfilelist",
			);
			runOnlyForDeploymentPostprocessing = 0;
			shellPath = /bin/sh;
			shellScript = "\"${PODS_ROOT}/Target Support Files/Pods-TwitterClone/Pods-TwitterClone-frameworks.sh\"\n";
			showEnvVarsInLog = 0;
		};
/* End PBXShellScriptBuildPhase section */

/* Begin PBXSourcesBuildPhase section */
		B7A6B2A9283458E100FEB658 /* Sources */ = {
			isa = PBXSourcesBuildPhase;
			buildActionMask = 2147483647;
			files = (
				B7A6B2B1283458E100FEB658 /* AppDelegate.swift in Sources */,
				B73BC9E9285174DA00BE5BF0 /* RegistrationController.swift in Sources */,
				B7A6B2D428346C2000FEB658 /* ConversationsController.swift in Sources */,
				B7A6B2B3283458E100FEB658 /* SceneDelegate.swift in Sources */,
				B7355F2A286E7AFD00259043 /* ErrorHandler.swift in Sources */,
				B7A6B2D028346C0000FEB658 /* NotificationsController.swift in Sources */,
				B7A6B2CB28345A0D00FEB658 /* MainTabController.swift in Sources */,
				B73BC9E52851743800BE5BF0 /* LoginController.swift in Sources */,
				B7A6B2CE28346BE700FEB658 /* FeedController.swift in Sources */,
				B73BC9EB28517DA200BE5BF0 /* Utilities.swift in Sources */,
				B7A6B2D228346C0E00FEB658 /* ExploreController.swift in Sources */,
				B7F99FC228888AC0001B43FB /* FirebaseConstants.swift in Sources */,
			);
			runOnlyForDeploymentPostprocessing = 0;
		};
/* End PBXSourcesBuildPhase section */

/* Begin PBXVariantGroup section */
		B7A6B2B6283458E100FEB658 /* Main.storyboard */ = {
			isa = PBXVariantGroup;
			children = (
				B7A6B2B7283458E100FEB658 /* Base */,
			);
			name = Main.storyboard;
			sourceTree = "<group>";
		};
		B7A6B2BB283458E200FEB658 /* LaunchScreen.storyboard */ = {
			isa = PBXVariantGroup;
			children = (
				B7A6B2BC283458E200FEB658 /* Base */,
			);
			name = LaunchScreen.storyboard;
			sourceTree = "<group>";
		};
/* End PBXVariantGroup section */

/* Begin XCBuildConfiguration section */
		B7A6B2BF283458E200FEB658 /* Debug */ = {
			isa = XCBuildConfiguration;
			buildSettings = {
				ALWAYS_SEARCH_USER_PATHS = NO;
				CLANG_ANALYZER_NONNULL = YES;
				CLANG_ANALYZER_NUMBER_OBJECT_CONVERSION = YES_AGGRESSIVE;
				CLANG_CXX_LANGUAGE_STANDARD = "gnu++17";
				CLANG_CXX_LIBRARY = "libc++";
				CLANG_ENABLE_MODULES = YES;
				CLANG_ENABLE_OBJC_ARC = YES;
				CLANG_ENABLE_OBJC_WEAK = YES;
				CLANG_WARN_BLOCK_CAPTURE_AUTORELEASING = YES;
				CLANG_WARN_BOOL_CONVERSION = YES;
				CLANG_WARN_COMMA = YES;
				CLANG_WARN_CONSTANT_CONVERSION = YES;
				CLANG_WARN_DEPRECATED_OBJC_IMPLEMENTATIONS = YES;
				CLANG_WARN_DIRECT_OBJC_ISA_USAGE = YES_ERROR;
				CLANG_WARN_DOCUMENTATION_COMMENTS = YES;
				CLANG_WARN_EMPTY_BODY = YES;
				CLANG_WARN_ENUM_CONVERSION = YES;
				CLANG_WARN_INFINITE_RECURSION = YES;
				CLANG_WARN_INT_CONVERSION = YES;
				CLANG_WARN_NON_LITERAL_NULL_CONVERSION = YES;
				CLANG_WARN_OBJC_IMPLICIT_RETAIN_SELF = YES;
				CLANG_WARN_OBJC_LITERAL_CONVERSION = YES;
				CLANG_WARN_OBJC_ROOT_CLASS = YES_ERROR;
				CLANG_WARN_QUOTED_INCLUDE_IN_FRAMEWORK_HEADER = YES;
				CLANG_WARN_RANGE_LOOP_ANALYSIS = YES;
				CLANG_WARN_STRICT_PROTOTYPES = YES;
				CLANG_WARN_SUSPICIOUS_MOVE = YES;
				CLANG_WARN_UNGUARDED_AVAILABILITY = YES_AGGRESSIVE;
				CLANG_WARN_UNREACHABLE_CODE = YES;
				CLANG_WARN__DUPLICATE_METHOD_MATCH = YES;
				COPY_PHASE_STRIP = NO;
				DEBUG_INFORMATION_FORMAT = dwarf;
				ENABLE_STRICT_OBJC_MSGSEND = YES;
				ENABLE_TESTABILITY = YES;
				GCC_C_LANGUAGE_STANDARD = gnu11;
				GCC_DYNAMIC_NO_PIC = NO;
				GCC_NO_COMMON_BLOCKS = YES;
				GCC_OPTIMIZATION_LEVEL = 0;
				GCC_PREPROCESSOR_DEFINITIONS = (
					"DEBUG=1",
					"$(inherited)",
				);
				GCC_WARN_64_TO_32_BIT_CONVERSION = YES;
				GCC_WARN_ABOUT_RETURN_TYPE = YES_ERROR;
				GCC_WARN_UNDECLARED_SELECTOR = YES;
				GCC_WARN_UNINITIALIZED_AUTOS = YES_AGGRESSIVE;
				GCC_WARN_UNUSED_FUNCTION = YES;
				GCC_WARN_UNUSED_VARIABLE = YES;
				IPHONEOS_DEPLOYMENT_TARGET = 15.2;
				MTL_ENABLE_DEBUG_INFO = INCLUDE_SOURCE;
				MTL_FAST_MATH = YES;
				ONLY_ACTIVE_ARCH = YES;
				SDKROOT = iphoneos;
				SWIFT_ACTIVE_COMPILATION_CONDITIONS = DEBUG;
				SWIFT_OPTIMIZATION_LEVEL = "-Onone";
			};
			name = Debug;
		};
		B7A6B2C0283458E200FEB658 /* Release */ = {
			isa = XCBuildConfiguration;
			buildSettings = {
				ALWAYS_SEARCH_USER_PATHS = NO;
				CLANG_ANALYZER_NONNULL = YES;
				CLANG_ANALYZER_NUMBER_OBJECT_CONVERSION = YES_AGGRESSIVE;
				CLANG_CXX_LANGUAGE_STANDARD = "gnu++17";
				CLANG_CXX_LIBRARY = "libc++";
				CLANG_ENABLE_MODULES = YES;
				CLANG_ENABLE_OBJC_ARC = YES;
				CLANG_ENABLE_OBJC_WEAK = YES;
				CLANG_WARN_BLOCK_CAPTURE_AUTORELEASING = YES;
				CLANG_WARN_BOOL_CONVERSION = YES;
				CLANG_WARN_COMMA = YES;
				CLANG_WARN_CONSTANT_CONVERSION = YES;
				CLANG_WARN_DEPRECATED_OBJC_IMPLEMENTATIONS = YES;
				CLANG_WARN_DIRECT_OBJC_ISA_USAGE = YES_ERROR;
				CLANG_WARN_DOCUMENTATION_COMMENTS = YES;
				CLANG_WARN_EMPTY_BODY = YES;
				CLANG_WARN_ENUM_CONVERSION = YES;
				CLANG_WARN_INFINITE_RECURSION = YES;
				CLANG_WARN_INT_CONVERSION = YES;
				CLANG_WARN_NON_LITERAL_NULL_CONVERSION = YES;
				CLANG_WARN_OBJC_IMPLICIT_RETAIN_SELF = YES;
				CLANG_WARN_OBJC_LITERAL_CONVERSION = YES;
				CLANG_WARN_OBJC_ROOT_CLASS = YES_ERROR;
				CLANG_WARN_QUOTED_INCLUDE_IN_FRAMEWORK_HEADER = YES;
				CLANG_WARN_RANGE_LOOP_ANALYSIS = YES;
				CLANG_WARN_STRICT_PROTOTYPES = YES;
				CLANG_WARN_SUSPICIOUS_MOVE = YES;
				CLANG_WARN_UNGUARDED_AVAILABILITY = YES_AGGRESSIVE;
				CLANG_WARN_UNREACHABLE_CODE = YES;
				CLANG_WARN__DUPLICATE_METHOD_MATCH = YES;
				COPY_PHASE_STRIP = NO;
				DEBUG_INFORMATION_FORMAT = "dwarf-with-dsym";
				ENABLE_NS_ASSERTIONS = NO;
				ENABLE_STRICT_OBJC_MSGSEND = YES;
				GCC_C_LANGUAGE_STANDARD = gnu11;
				GCC_NO_COMMON_BLOCKS = YES;
				GCC_WARN_64_TO_32_BIT_CONVERSION = YES;
				GCC_WARN_ABOUT_RETURN_TYPE = YES_ERROR;
				GCC_WARN_UNDECLARED_SELECTOR = YES;
				GCC_WARN_UNINITIALIZED_AUTOS = YES_AGGRESSIVE;
				GCC_WARN_UNUSED_FUNCTION = YES;
				GCC_WARN_UNUSED_VARIABLE = YES;
				IPHONEOS_DEPLOYMENT_TARGET = 15.2;
				MTL_ENABLE_DEBUG_INFO = NO;
				MTL_FAST_MATH = YES;
				SDKROOT = iphoneos;
				SWIFT_COMPILATION_MODE = wholemodule;
				SWIFT_OPTIMIZATION_LEVEL = "-O";
				VALIDATE_PRODUCT = YES;
			};
			name = Release;
		};
		B7A6B2C2283458E200FEB658 /* Debug */ = {
			isa = XCBuildConfiguration;
			baseConfigurationReference = A25390A95F0E2ABF0635B925 /* Pods-TwitterClone.debug.xcconfig */;
			buildSettings = {
				ASSETCATALOG_COMPILER_APPICON_NAME = AppIcon;
				ASSETCATALOG_COMPILER_GLOBAL_ACCENT_COLOR_NAME = AccentColor;
				CODE_SIGN_STYLE = Automatic;
				CURRENT_PROJECT_VERSION = 1;
				GENERATE_INFOPLIST_FILE = YES;
				INFOPLIST_FILE = TwitterClone/Info.plist;
				INFOPLIST_KEY_UIApplicationSupportsIndirectInputEvents = YES;
				INFOPLIST_KEY_UILaunchStoryboardName = LaunchScreen;
				INFOPLIST_KEY_UIMainStoryboardFile = Main;
				INFOPLIST_KEY_UISupportedInterfaceOrientations_iPad = "UIInterfaceOrientationPortrait UIInterfaceOrientationPortraitUpsideDown UIInterfaceOrientationLandscapeLeft UIInterfaceOrientationLandscapeRight";
				INFOPLIST_KEY_UISupportedInterfaceOrientations_iPhone = "UIInterfaceOrientationPortrait UIInterfaceOrientationLandscapeLeft UIInterfaceOrientationLandscapeRight";
				LD_RUNPATH_SEARCH_PATHS = (
					"$(inherited)",
					"@executable_path/Frameworks",
				);
				MARKETING_VERSION = 1.0;
				PRODUCT_BUNDLE_IDENTIFIER = com.gstcarv.TwitterClone;
				PRODUCT_NAME = "$(TARGET_NAME)";
				SWIFT_EMIT_LOC_STRINGS = YES;
				SWIFT_VERSION = 5.0;
				TARGETED_DEVICE_FAMILY = "1,2";
			};
			name = Debug;
		};
		B7A6B2C3283458E200FEB658 /* Release */ = {
			isa = XCBuildConfiguration;
			baseConfigurationReference = 4FF1BFDD35E8C004EA79BE8B /* Pods-TwitterClone.release.xcconfig */;
			buildSettings = {
				ASSETCATALOG_COMPILER_APPICON_NAME = AppIcon;
				ASSETCATALOG_COMPILER_GLOBAL_ACCENT_COLOR_NAME = AccentColor;
				CODE_SIGN_STYLE = Automatic;
				CURRENT_PROJECT_VERSION = 1;
				GENERATE_INFOPLIST_FILE = YES;
				INFOPLIST_FILE = TwitterClone/Info.plist;
				INFOPLIST_KEY_UIApplicationSupportsIndirectInputEvents = YES;
				INFOPLIST_KEY_UILaunchStoryboardName = LaunchScreen;
				INFOPLIST_KEY_UIMainStoryboardFile = Main;
				INFOPLIST_KEY_UISupportedInterfaceOrientations_iPad = "UIInterfaceOrientationPortrait UIInterfaceOrientationPortraitUpsideDown UIInterfaceOrientationLandscapeLeft UIInterfaceOrientationLandscapeRight";
				INFOPLIST_KEY_UISupportedInterfaceOrientations_iPhone = "UIInterfaceOrientationPortrait UIInterfaceOrientationLandscapeLeft UIInterfaceOrientationLandscapeRight";
				LD_RUNPATH_SEARCH_PATHS = (
					"$(inherited)",
					"@executable_path/Frameworks",
				);
				MARKETING_VERSION = 1.0;
				PRODUCT_BUNDLE_IDENTIFIER = com.gstcarv.TwitterClone;
				PRODUCT_NAME = "$(TARGET_NAME)";
				SWIFT_EMIT_LOC_STRINGS = YES;
				SWIFT_VERSION = 5.0;
				TARGETED_DEVICE_FAMILY = "1,2";
			};
			name = Release;
		};
/* End XCBuildConfiguration section */

/* Begin XCConfigurationList section */
		B7A6B2A8283458E100FEB658 /* Build configuration list for PBXProject "TwitterClone" */ = {
			isa = XCConfigurationList;
			buildConfigurations = (
				B7A6B2BF283458E200FEB658 /* Debug */,
				B7A6B2C0283458E200FEB658 /* Release */,
			);
			defaultConfigurationIsVisible = 0;
			defaultConfigurationName = Release;
		};
		B7A6B2C1283458E200FEB658 /* Build configuration list for PBXNativeTarget "TwitterClone" */ = {
			isa = XCConfigurationList;
			buildConfigurations = (
				B7A6B2C2283458E200FEB658 /* Debug */,
				B7A6B2C3283458E200FEB658 /* Release */,
			);
			defaultConfigurationIsVisible = 0;
			defaultConfigurationName = Release;
		};
/* End XCConfigurationList section */
	};
	rootObject = B7A6B2A5283458E100FEB658 /* Project object */;
}
